
Microsoft Visual Studio Solution File, Format Version 12.00
Project("{FAE04EC0-301F-11D3-BF4B-00C04F79EFBC}") = "LuminaryEngine", "LuminaryEngine\LuminaryEngine.csproj", "{15C6CCB4-BFF5-4590-8914-3A861E8F0F3D}"
EndProject
Project("{FAE04EC0-301F-11D3-BF4B-00C04F79EFBC}") = "Starforge", "Starforge\Starforge.csproj", "{A80260C6-F3F1-4F8B-9C7B-A1A14CCACBF8}"
EndProject
Project("{FAE04EC0-301F-11D3-BF4B-00C04F79EFBC}") = "LogDecryptor", "LogDecryptor\LogDecryptor.csproj", "{1E1E1341-877E-43D4-9259-D68BDA24B108}"
EndProject
Global
	GlobalSection(SolutionConfigurationPlatforms) = preSolution
		Debug|Any CPU = Debug|Any CPU
		Release|Any CPU = Release|Any CPU
	EndGlobalSection
	GlobalSection(ProjectConfigurationPlatforms) = postSolution
		{15C6CCB4-BFF5-4590-8914-3A861E8F0F3D}.Debug|Any CPU.ActiveCfg = Debug|Any CPU
		{15C6CCB4-BFF5-4590-8914-3A861E8F0F3D}.Debug|Any CPU.Build.0 = Debug|Any CPU
		{15C6CCB4-BFF5-4590-8914-3A861E8F0F3D}.Release|Any CPU.ActiveCfg = Release|Any CPU
		{15C6CCB4-BFF5-4590-8914-3A861E8F0F3D}.Release|Any CPU.Build.0 = Release|Any CPU
		{A80260C6-F3F1-4F8B-9C7B-A1A14CCACBF8}.Debug|Any CPU.ActiveCfg = Debug|Any CPU
		{A80260C6-F3F1-4F8B-9C7B-A1A14CCACBF8}.Debug|Any CPU.Build.0 = Debug|Any CPU
		{A80260C6-F3F1-4F8B-9C7B-A1A14CCACBF8}.Release|Any CPU.ActiveCfg = Release|Any CPU
		{A80260C6-F3F1-4F8B-9C7B-A1A14CCACBF8}.Release|Any CPU.Build.0 = Release|Any CPU
		{1E1E1341-877E-43D4-9259-D68BDA24B108}.Debug|Any CPU.ActiveCfg = Debug|Any CPU
		{1E1E1341-877E-43D4-9259-D68BDA24B108}.Debug|Any CPU.Build.0 = Debug|Any CPU
		{1E1E1341-877E-43D4-9259-D68BDA24B108}.Release|Any CPU.ActiveCfg = Release|Any CPU
		{1E1E1341-877E-43D4-9259-D68BDA24B108}.Release|Any CPU.Build.0 = Release|Any CPU
	EndGlobalSection
	GlobalSection(NestedProjects) = preSolution
	EndGlobalSection
EndGlobal
